
Microsoft Visual Studio Solution File, Format Version 12.00
# Visual Studio Version 17
VisualStudioVersion = 17.0.32112.339
MinimumVisualStudioVersion = 10.0.40219.1
Project("{FAE04EC0-301F-11D3-BF4B-00C04F79EFBC}") = "GeoWebApp", "GeoWebApp.csproj", "{E17B62BB-D154-40F7-9995-FCDAAE035B8F}"
EndProject
Global
	GlobalSection(SolutionConfigurationPlatforms) = preSolution
		Debug|Any CPU = Debug|Any CPU
		Release|Any CPU = Release|Any CPU
	EndGlobalSection
	GlobalSection(ProjectConfigurationPlatforms) = postSolution
		{E17B62BB-D154-40F7-9995-FCDAAE035B8F}.Debug|Any CPU.ActiveCfg = Debug|Any CPU
		{E17B62BB-D154-40F7-9995-FCDAAE035B8F}.Debug|Any CPU.Build.0 = Debug|Any CPU
		{E17B62BB-D154-40F7-9995-FCDAAE035B8F}.Release|Any CPU.ActiveCfg = Release|Any CPU
		{E17B62BB-D154-40F7-9995-FCDAAE035B8F}.Release|Any CPU.Build.0 = Release|Any CPU
	EndGlobalSection
	GlobalSection(SolutionProperties) = preSolution
		HideSolutionNode = FALSE
	EndGlobalSection
	GlobalSection(ExtensibilityGlobals) = postSolution
		SolutionGuid = {1B6C3901-79A4-4EDD-8A05-9C0F71D61F11}
	EndGlobalSection
EndGlobal
