
Microsoft Visual Studio Solution File, Format Version 12.00
# Visual Studio Version 17
VisualStudioVersion = 17.0.32112.339
MinimumVisualStudioVersion = 10.0.40219.1
Project("{FAE04EC0-301F-11D3-BF4B-00C04F79EFBC}") = "GeoWebAPI", "GeoWebAPI.csproj", "{DA47D23A-E412-4566-8543-A017E7268A91}"
EndProject
Global
	GlobalSection(SolutionConfigurationPlatforms) = preSolution
		Debug|Any CPU = Debug|Any CPU
		Release|Any CPU = Release|Any CPU
	EndGlobalSection
	GlobalSection(ProjectConfigurationPlatforms) = postSolution
		{DA47D23A-E412-4566-8543-A017E7268A91}.Debug|Any CPU.ActiveCfg = Debug|Any CPU
		{DA47D23A-E412-4566-8543-A017E7268A91}.Debug|Any CPU.Build.0 = Debug|Any CPU
		{DA47D23A-E412-4566-8543-A017E7268A91}.Release|Any CPU.ActiveCfg = Release|Any CPU
		{DA47D23A-E412-4566-8543-A017E7268A91}.Release|Any CPU.Build.0 = Release|Any CPU
	EndGlobalSection
	GlobalSection(SolutionProperties) = preSolution
		HideSolutionNode = FALSE
	EndGlobalSection
	GlobalSection(ExtensibilityGlobals) = postSolution
		SolutionGuid = {66C1BFA3-FFF2-4F50-80B2-A8D48181CD38}
	EndGlobalSection
EndGlobal
